
Microsoft Visual Studio Solution File, Format Version 12.00
# Visual Studio 14
VisualStudioVersion = 14.0.23107.0
MinimumVisualStudioVersion = 10.0.40219.1
Project("{FAE04EC0-301F-11D3-BF4B-00C04F79EFBC}") = "SalonDeBelleza.Web", "SalonDeBelleza.Web\SalonDeBelleza.Web.csproj", "{B0953E2B-E255-45D2-B471-B577CD4825B3}"
EndProject
Project("{FAE04EC0-301F-11D3-BF4B-00C04F79EFBC}") = "SalonDeBelleza.WebAdmin", "SalonDeBellesa.WebAdmin\SalonDeBelleza.WebAdmin.csproj", "{D8C45D9F-0E7E-410F-9271-9A94FCB6960C}"
EndProject
Project("{FAE04EC0-301F-11D3-BF4B-00C04F79EFBC}") = "SalonDeBelleza.Win", "SalonDeBelleza.Win\SalonDeBelleza.Win.csproj", "{D5AA8534-E638-4E7D-9C6F-83E9FD7F2031}"
EndProject
Project("{FAE04EC0-301F-11D3-BF4B-00C04F79EFBC}") = "SalonDeBelleza.BL", "SalonDeBelleza.BL\SalonDeBelleza.BL.csproj", "{D6D9AF61-5A7A-423E-AE80-9251041123DC}"
EndProject
Global
	GlobalSection(SolutionConfigurationPlatforms) = preSolution
		Debug|Any CPU = Debug|Any CPU
		Release|Any CPU = Release|Any CPU
	EndGlobalSection
	GlobalSection(ProjectConfigurationPlatforms) = postSolution
		{B0953E2B-E255-45D2-B471-B577CD4825B3}.Debug|Any CPU.ActiveCfg = Debug|Any CPU
		{B0953E2B-E255-45D2-B471-B577CD4825B3}.Debug|Any CPU.Build.0 = Debug|Any CPU
		{B0953E2B-E255-45D2-B471-B577CD4825B3}.Release|Any CPU.ActiveCfg = Release|Any CPU
		{B0953E2B-E255-45D2-B471-B577CD4825B3}.Release|Any CPU.Build.0 = Release|Any CPU
		{D8C45D9F-0E7E-410F-9271-9A94FCB6960C}.Debug|Any CPU.ActiveCfg = Debug|Any CPU
		{D8C45D9F-0E7E-410F-9271-9A94FCB6960C}.Debug|Any CPU.Build.0 = Debug|Any CPU
		{D8C45D9F-0E7E-410F-9271-9A94FCB6960C}.Release|Any CPU.ActiveCfg = Release|Any CPU
		{D8C45D9F-0E7E-410F-9271-9A94FCB6960C}.Release|Any CPU.Build.0 = Release|Any CPU
		{D5AA8534-E638-4E7D-9C6F-83E9FD7F2031}.Debug|Any CPU.ActiveCfg = Debug|Any CPU
		{D5AA8534-E638-4E7D-9C6F-83E9FD7F2031}.Debug|Any CPU.Build.0 = Debug|Any CPU
		{D5AA8534-E638-4E7D-9C6F-83E9FD7F2031}.Release|Any CPU.ActiveCfg = Release|Any CPU
		{D5AA8534-E638-4E7D-9C6F-83E9FD7F2031}.Release|Any CPU.Build.0 = Release|Any CPU
		{D6D9AF61-5A7A-423E-AE80-9251041123DC}.Debug|Any CPU.ActiveCfg = Debug|Any CPU
		{D6D9AF61-5A7A-423E-AE80-9251041123DC}.Debug|Any CPU.Build.0 = Debug|Any CPU
		{D6D9AF61-5A7A-423E-AE80-9251041123DC}.Release|Any CPU.ActiveCfg = Release|Any CPU
		{D6D9AF61-5A7A-423E-AE80-9251041123DC}.Release|Any CPU.Build.0 = Release|Any CPU
	EndGlobalSection
	GlobalSection(SolutionProperties) = preSolution
		HideSolutionNode = FALSE
	EndGlobalSection
EndGlobal
