
Microsoft Visual Studio Solution File, Format Version 12.00
# Visual Studio 14
VisualStudioVersion = 14.0.25420.1
MinimumVisualStudioVersion = 10.0.40219.1
Project("{FAE04EC0-301F-11D3-BF4B-00C04F79EFBC}") = "SalonDeBelleza.web", "SalonDeBelleza.web\SalonDeBelleza.web.csproj", "{0A32A9A8-74EE-41A9-89D1-67721B6F69F2}"
EndProject
Project("{FAE04EC0-301F-11D3-BF4B-00C04F79EFBC}") = "SalondeBelleza.WebAdmin", "SalondeBelleza.WebAdmin\SalondeBelleza.WebAdmin.csproj", "{91C4A507-448E-484F-8D40-F3841F66F4A1}"
EndProject
Project("{FAE04EC0-301F-11D3-BF4B-00C04F79EFBC}") = "SalondeBelleza.Win", "SalondeBelleza.Win\SalondeBelleza.Win.csproj", "{747A9284-AAB9-47C0-92D7-FFCA91C26742}"
EndProject
Project("{FAE04EC0-301F-11D3-BF4B-00C04F79EFBC}") = "SalonDeBelleza.BL", "SalonDeBelleza.BL\SalonDeBelleza.BL.csproj", "{4AB06DEF-88BB-45E2-A975-F4F4862131D0}"
EndProject
Global
	GlobalSection(SolutionConfigurationPlatforms) = preSolution
		Debug|Any CPU = Debug|Any CPU
		Release|Any CPU = Release|Any CPU
	EndGlobalSection
	GlobalSection(ProjectConfigurationPlatforms) = postSolution
		{0A32A9A8-74EE-41A9-89D1-67721B6F69F2}.Debug|Any CPU.ActiveCfg = Debug|Any CPU
		{0A32A9A8-74EE-41A9-89D1-67721B6F69F2}.Debug|Any CPU.Build.0 = Debug|Any CPU
		{0A32A9A8-74EE-41A9-89D1-67721B6F69F2}.Release|Any CPU.ActiveCfg = Release|Any CPU
		{0A32A9A8-74EE-41A9-89D1-67721B6F69F2}.Release|Any CPU.Build.0 = Release|Any CPU
		{91C4A507-448E-484F-8D40-F3841F66F4A1}.Debug|Any CPU.ActiveCfg = Debug|Any CPU
		{91C4A507-448E-484F-8D40-F3841F66F4A1}.Debug|Any CPU.Build.0 = Debug|Any CPU
		{91C4A507-448E-484F-8D40-F3841F66F4A1}.Release|Any CPU.ActiveCfg = Release|Any CPU
		{91C4A507-448E-484F-8D40-F3841F66F4A1}.Release|Any CPU.Build.0 = Release|Any CPU
		{747A9284-AAB9-47C0-92D7-FFCA91C26742}.Debug|Any CPU.ActiveCfg = Debug|Any CPU
		{747A9284-AAB9-47C0-92D7-FFCA91C26742}.Debug|Any CPU.Build.0 = Debug|Any CPU
		{747A9284-AAB9-47C0-92D7-FFCA91C26742}.Release|Any CPU.ActiveCfg = Release|Any CPU
		{747A9284-AAB9-47C0-92D7-FFCA91C26742}.Release|Any CPU.Build.0 = Release|Any CPU
		{4AB06DEF-88BB-45E2-A975-F4F4862131D0}.Debug|Any CPU.ActiveCfg = Debug|Any CPU
		{4AB06DEF-88BB-45E2-A975-F4F4862131D0}.Debug|Any CPU.Build.0 = Debug|Any CPU
		{4AB06DEF-88BB-45E2-A975-F4F4862131D0}.Release|Any CPU.ActiveCfg = Release|Any CPU
		{4AB06DEF-88BB-45E2-A975-F4F4862131D0}.Release|Any CPU.Build.0 = Release|Any CPU
	EndGlobalSection
	GlobalSection(SolutionProperties) = preSolution
		HideSolutionNode = FALSE
	EndGlobalSection
EndGlobal
